
Microsoft Visual Studio Solution File, Format Version 12.00
# Visual Studio Version 17
VisualStudioVersion = 17.11.35312.102
MinimumVisualStudioVersion = 10.0.40219.1
Project("{FAE04EC0-301F-11D3-BF4B-00C04F79EFBC}") = "Biblioteka", "Biblioteka\Biblioteka.csproj", "{76542D99-0413-4595-9B4E-F94A65ABE938}"
EndProject
Project("{FAE04EC0-301F-11D3-BF4B-00C04F79EFBC}") = "Biblioteka.Tests", "Biblioteka.Tests\Biblioteka.Tests.csproj", "{48EEC410-D65A-496F-9A46-F632B749FCAD}"
	ProjectSection(ProjectDependencies) = postProject
		{76542D99-0413-4595-9B4E-F94A65ABE938} = {76542D99-0413-4595-9B4E-F94A65ABE938}
	EndProjectSection
EndProject
Global
	GlobalSection(SolutionConfigurationPlatforms) = preSolution
		Debug|Any CPU = Debug|Any CPU
		Release|Any CPU = Release|Any CPU
	EndGlobalSection
	GlobalSection(ProjectConfigurationPlatforms) = postSolution
		{76542D99-0413-4595-9B4E-F94A65ABE938}.Debug|Any CPU.ActiveCfg = Debug|Any CPU
		{76542D99-0413-4595-9B4E-F94A65ABE938}.Debug|Any CPU.Build.0 = Debug|Any CPU
		{76542D99-0413-4595-9B4E-F94A65ABE938}.Release|Any CPU.ActiveCfg = Release|Any CPU
		{76542D99-0413-4595-9B4E-F94A65ABE938}.Release|Any CPU.Build.0 = Release|Any CPU
		{48EEC410-D65A-496F-9A46-F632B749FCAD}.Debug|Any CPU.ActiveCfg = Debug|Any CPU
		{48EEC410-D65A-496F-9A46-F632B749FCAD}.Debug|Any CPU.Build.0 = Debug|Any CPU
		{48EEC410-D65A-496F-9A46-F632B749FCAD}.Release|Any CPU.ActiveCfg = Release|Any CPU
		{48EEC410-D65A-496F-9A46-F632B749FCAD}.Release|Any CPU.Build.0 = Release|Any CPU
	EndGlobalSection
	GlobalSection(SolutionProperties) = preSolution
		HideSolutionNode = FALSE
	EndGlobalSection
	GlobalSection(ExtensibilityGlobals) = postSolution
		SolutionGuid = {4F6548EE-5665-4764-8DDB-805701B50DC5}
	EndGlobalSection
EndGlobal
